
Microsoft Visual Studio Solution File, Format Version 12.00
# Visual Studio Version 17
VisualStudioVersion = 17.0.32014.148
MinimumVisualStudioVersion = 10.0.40219.1
Project("{9A19103F-16F7-4668-BE54-9A1E7A4F7556}") = "OrderProcessingApi", "OrderProcessingApi\OrderProcessingApi.csproj", "{2556EDBD-8B8B-4A80-AFF4-D0A40E3D1939}"
EndProject
Project("{9A19103F-16F7-4668-BE54-9A1E7A4F7556}") = "OrderProcessingApi.Domain", "OrderProcessingApi.Domain\OrderProcessingApi.Domain.csproj", "{A24071EE-1526-4D03-9C37-17E4A59ACF74}"
EndProject
Project("{9A19103F-16F7-4668-BE54-9A1E7A4F7556}") = "OrderProcessingApi.Services", "OrderProcessingApi.Services\OrderProcessingApi.Services.csproj", "{DE1F518A-DE5A-4850-B0B8-C10B097B32DA}"
EndProject
Project("{9A19103F-16F7-4668-BE54-9A1E7A4F7556}") = "OrderProcessingApi.Mappers", "OrderProcessingApi.Mappers\OrderProcessingApi.Mappers.csproj", "{81BC8BFF-550C-4F2A-9D06-310BB20F1973}"
EndProject
Project("{9A19103F-16F7-4668-BE54-9A1E7A4F7556}") = "OrderProcessingApi.Data", "OrderProcessingApi.Data\OrderProcessingApi.Data.csproj", "{A72D1D78-F4EA-4692-A0CC-3F6DE24663EF}"
EndProject
Project("{9A19103F-16F7-4668-BE54-9A1E7A4F7556}") = "OrderProcessingApi.Functions", "OrderProcessingApi.Functions\OrderProcessingApi.Functions.csproj", "{95134885-222A-413A-8745-5AC312A7EE8B}"
EndProject
Project("{FAE04EC0-301F-11D3-BF4B-00C04F79EFBC}") = "OrderProcessingApi.Helpers", "OrderProcessingApi.Helpers\OrderProcessingApi.Helpers.csproj", "{B6DB6D4A-1519-4223-8037-E526A7C54FB6}"
EndProject
Global
	GlobalSection(SolutionConfigurationPlatforms) = preSolution
		Debug|Any CPU = Debug|Any CPU
		Release|Any CPU = Release|Any CPU
	EndGlobalSection
	GlobalSection(ProjectConfigurationPlatforms) = postSolution
		{2556EDBD-8B8B-4A80-AFF4-D0A40E3D1939}.Debug|Any CPU.ActiveCfg = Debug|Any CPU
		{2556EDBD-8B8B-4A80-AFF4-D0A40E3D1939}.Debug|Any CPU.Build.0 = Debug|Any CPU
		{2556EDBD-8B8B-4A80-AFF4-D0A40E3D1939}.Release|Any CPU.ActiveCfg = Release|Any CPU
		{2556EDBD-8B8B-4A80-AFF4-D0A40E3D1939}.Release|Any CPU.Build.0 = Release|Any CPU
		{A24071EE-1526-4D03-9C37-17E4A59ACF74}.Debug|Any CPU.ActiveCfg = Debug|Any CPU
		{A24071EE-1526-4D03-9C37-17E4A59ACF74}.Debug|Any CPU.Build.0 = Debug|Any CPU
		{A24071EE-1526-4D03-9C37-17E4A59ACF74}.Release|Any CPU.ActiveCfg = Release|Any CPU
		{A24071EE-1526-4D03-9C37-17E4A59ACF74}.Release|Any CPU.Build.0 = Release|Any CPU
		{DE1F518A-DE5A-4850-B0B8-C10B097B32DA}.Debug|Any CPU.ActiveCfg = Debug|Any CPU
		{DE1F518A-DE5A-4850-B0B8-C10B097B32DA}.Debug|Any CPU.Build.0 = Debug|Any CPU
		{DE1F518A-DE5A-4850-B0B8-C10B097B32DA}.Release|Any CPU.ActiveCfg = Release|Any CPU
		{DE1F518A-DE5A-4850-B0B8-C10B097B32DA}.Release|Any CPU.Build.0 = Release|Any CPU
		{81BC8BFF-550C-4F2A-9D06-310BB20F1973}.Debug|Any CPU.ActiveCfg = Debug|Any CPU
		{81BC8BFF-550C-4F2A-9D06-310BB20F1973}.Debug|Any CPU.Build.0 = Debug|Any CPU
		{81BC8BFF-550C-4F2A-9D06-310BB20F1973}.Release|Any CPU.ActiveCfg = Release|Any CPU
		{81BC8BFF-550C-4F2A-9D06-310BB20F1973}.Release|Any CPU.Build.0 = Release|Any CPU
		{A72D1D78-F4EA-4692-A0CC-3F6DE24663EF}.Debug|Any CPU.ActiveCfg = Debug|Any CPU
		{A72D1D78-F4EA-4692-A0CC-3F6DE24663EF}.Debug|Any CPU.Build.0 = Debug|Any CPU
		{A72D1D78-F4EA-4692-A0CC-3F6DE24663EF}.Release|Any CPU.ActiveCfg = Release|Any CPU
		{A72D1D78-F4EA-4692-A0CC-3F6DE24663EF}.Release|Any CPU.Build.0 = Release|Any CPU
		{95134885-222A-413A-8745-5AC312A7EE8B}.Debug|Any CPU.ActiveCfg = Debug|Any CPU
		{95134885-222A-413A-8745-5AC312A7EE8B}.Debug|Any CPU.Build.0 = Debug|Any CPU
		{95134885-222A-413A-8745-5AC312A7EE8B}.Release|Any CPU.ActiveCfg = Release|Any CPU
		{95134885-222A-413A-8745-5AC312A7EE8B}.Release|Any CPU.Build.0 = Release|Any CPU
		{B6DB6D4A-1519-4223-8037-E526A7C54FB6}.Debug|Any CPU.ActiveCfg = Debug|Any CPU
		{B6DB6D4A-1519-4223-8037-E526A7C54FB6}.Debug|Any CPU.Build.0 = Debug|Any CPU
		{B6DB6D4A-1519-4223-8037-E526A7C54FB6}.Release|Any CPU.ActiveCfg = Release|Any CPU
		{B6DB6D4A-1519-4223-8037-E526A7C54FB6}.Release|Any CPU.Build.0 = Release|Any CPU
	EndGlobalSection
	GlobalSection(SolutionProperties) = preSolution
		HideSolutionNode = FALSE
	EndGlobalSection
	GlobalSection(ExtensibilityGlobals) = postSolution
		SolutionGuid = {F42EE235-96B4-498B-B1E7-76EC6FED63BE}
	EndGlobalSection
EndGlobal
